
Microsoft Visual Studio Solution File, Format Version 12.00
# Visual Studio Version 17
VisualStudioVersion = 17.2.32317.152
MinimumVisualStudioVersion = 10.0.40219.1
Project("{FAE04EC0-301F-11D3-BF4B-00C04F79EFBC}") = "Web404", "Web404\Web404.csproj", "{2E24904C-9BF2-4585-988A-48F449EDA76A}"
EndProject
Global
	GlobalSection(SolutionConfigurationPlatforms) = preSolution
		Debug|Any CPU = Debug|Any CPU
		Release|Any CPU = Release|Any CPU
	EndGlobalSection
	GlobalSection(ProjectConfigurationPlatforms) = postSolution
		{2E24904C-9BF2-4585-988A-48F449EDA76A}.Debug|Any CPU.ActiveCfg = Debug|Any CPU
		{2E24904C-9BF2-4585-988A-48F449EDA76A}.Debug|Any CPU.Build.0 = Debug|Any CPU
		{2E24904C-9BF2-4585-988A-48F449EDA76A}.Release|Any CPU.ActiveCfg = Release|Any CPU
		{2E24904C-9BF2-4585-988A-48F449EDA76A}.Release|Any CPU.Build.0 = Release|Any CPU
	EndGlobalSection
	GlobalSection(SolutionProperties) = preSolution
		HideSolutionNode = FALSE
	EndGlobalSection
	GlobalSection(ExtensibilityGlobals) = postSolution
		SolutionGuid = {E69F909B-E5A8-4E91-84B8-FB11CDACC4A7}
	EndGlobalSection
EndGlobal
